{
    "name": "garage-ecf",
    "version": "1.0.0",
    "lockfileVersion": 2,
    "requires": true,
    "packages": {
        "": {
            "name": "garage-ecf",
            "version": "1.0.0",
            "license": "ISC",
            "dependencies": {
                "ajax": "^0.0.4",
                "vanilla": "^0.0.5"
            }
        },
        "node_modules/ajax": {
            "version": "0.0.4",
            "resolved": "https://registry.npmjs.org/ajax/-/ajax-0.0.4.tgz",
            "integrity": "sha512-IEgdnz67DKuv2i8AnytAYtD+sGNTpSlXcwQsZbKWVqdC/O7cuXN0GfwCuhi19fyhpD0Gl22T5amxd2unqj0FAQ==",
            "dependencies": {
                "underscore": ""
            },
            "engines": {
                "node": ">=0.4.0"
            }
        },
        "node_modules/parted": {
            "version": "0.1.1",
            "resolved": "https://registry.npmjs.org/parted/-/parted-0.1.1.tgz",
            "integrity": "sha512-s9vZdpX+28+hAqQ6HpXayywGfUQ8fQe/d10otl6u8ubltMJkuscEAcOd7pkZKzYHOzuCsWtH869cI4YsGmOClQ=="
        },
        "node_modules/underscore": {
            "version": "1.13.6",
            "resolved": "https://registry.npmjs.org/underscore/-/underscore-1.13.6.tgz",
            "integrity": "sha512-+A5Sja4HP1M08MaXya7p5LvjuM7K6q/2EaC0+iovj/wOcMsTzMvDFbasi/oSapiwOlt252IqsKqPjCl7huKS0A=="
        },
        "node_modules/vanilla": {
            "version": "0.0.5",
            "resolved": "https://registry.npmjs.org/vanilla/-/vanilla-0.0.5.tgz",
            "integrity": "sha512-nFisCHB/04WKXgIsZLON7LVAlBL5ql6JDdI+5qdj4QwF4fHefK2e/07M2Kd2KzAvjFZJx5wfO40VJfWe4iXc0Q==",
            "dependencies": {
                "parted": "*"
            },
            "engines": {
                "node": "*"
            }
        }
    },
    "dependencies": {
        "ajax": {
            "version": "0.0.4",
            "resolved": "https://registry.npmjs.org/ajax/-/ajax-0.0.4.tgz",
            "integrity": "sha512-IEgdnz67DKuv2i8AnytAYtD+sGNTpSlXcwQsZbKWVqdC/O7cuXN0GfwCuhi19fyhpD0Gl22T5amxd2unqj0FAQ==",
            "requires": {
                "underscore": ""
            }
        },
        "parted": {
            "version": "0.1.1",
            "resolved": "https://registry.npmjs.org/parted/-/parted-0.1.1.tgz",
            "integrity": "sha512-s9vZdpX+28+hAqQ6HpXayywGfUQ8fQe/d10otl6u8ubltMJkuscEAcOd7pkZKzYHOzuCsWtH869cI4YsGmOClQ=="
        },
        "underscore": {
            "version": "1.13.6",
            "resolved": "https://registry.npmjs.org/underscore/-/underscore-1.13.6.tgz",
            "integrity": "sha512-+A5Sja4HP1M08MaXya7p5LvjuM7K6q/2EaC0+iovj/wOcMsTzMvDFbasi/oSapiwOlt252IqsKqPjCl7huKS0A=="
        },
        "vanilla": {
            "version": "0.0.5",
            "resolved": "https://registry.npmjs.org/vanilla/-/vanilla-0.0.5.tgz",
            "integrity": "sha512-nFisCHB/04WKXgIsZLON7LVAlBL5ql6JDdI+5qdj4QwF4fHefK2e/07M2Kd2KzAvjFZJx5wfO40VJfWe4iXc0Q==",
            "requires": {
                "parted": "*"
            }
        }
    }
}
